
Microsoft Visual Studio Solution File, Format Version 12.00
# Visual Studio Version 17
VisualStudioVersion = 17.8.34330.188
MinimumVisualStudioVersion = 10.0.40219.1
Project("{FAE04EC0-301F-11D3-BF4B-00C04F79EFBC}") = "ClipToBase64", "ClipToBase64\ClipToBase64.csproj", "{1113EB63-576A-48AF-9D19-57731371F764}"
EndProject
Global
	GlobalSection(SolutionConfigurationPlatforms) = preSolution
		Debug|Any CPU = Debug|Any CPU
		Release|Any CPU = Release|Any CPU
	EndGlobalSection
	GlobalSection(ProjectConfigurationPlatforms) = postSolution
		{1113EB63-576A-48AF-9D19-57731371F764}.Debug|Any CPU.ActiveCfg = Debug|Any CPU
		{1113EB63-576A-48AF-9D19-57731371F764}.Debug|Any CPU.Build.0 = Debug|Any CPU
		{1113EB63-576A-48AF-9D19-57731371F764}.Release|Any CPU.ActiveCfg = Release|Any CPU
		{1113EB63-576A-48AF-9D19-57731371F764}.Release|Any CPU.Build.0 = Release|Any CPU
	EndGlobalSection
	GlobalSection(SolutionProperties) = preSolution
		HideSolutionNode = FALSE
	EndGlobalSection
	GlobalSection(ExtensibilityGlobals) = postSolution
		SolutionGuid = {E637D14B-383B-41BE-8200-BE2FF1CF5684}
	EndGlobalSection
EndGlobal
